
Microsoft Visual Studio Solution File, Format Version 12.00
# Visual Studio Version 17
VisualStudioVersion = 17.0.32014.148
MinimumVisualStudioVersion = 10.0.40219.1
Project("{FAE04EC0-301F-11D3-BF4B-00C04F79EFBC}") = "ApiRRHH.Web", "ApiRRHH.Web\ApiRRHH.Web.csproj", "{4BDE130A-5C20-4788-9EFC-BFA36E4FD3D4}"
EndProject
Project("{FAE04EC0-301F-11D3-BF4B-00C04F79EFBC}") = "ApiRRHH.Services", "ApiRRHH.Services\ApiRRHH.Services.csproj", "{0201D4E0-6892-4349-8395-CB0D59376450}"
EndProject
Global
	GlobalSection(SolutionConfigurationPlatforms) = preSolution
		Debug|Any CPU = Debug|Any CPU
		Release|Any CPU = Release|Any CPU
	EndGlobalSection
	GlobalSection(ProjectConfigurationPlatforms) = postSolution
		{4BDE130A-5C20-4788-9EFC-BFA36E4FD3D4}.Debug|Any CPU.ActiveCfg = Debug|Any CPU
		{4BDE130A-5C20-4788-9EFC-BFA36E4FD3D4}.Debug|Any CPU.Build.0 = Debug|Any CPU
		{4BDE130A-5C20-4788-9EFC-BFA36E4FD3D4}.Release|Any CPU.ActiveCfg = Release|Any CPU
		{4BDE130A-5C20-4788-9EFC-BFA36E4FD3D4}.Release|Any CPU.Build.0 = Release|Any CPU
		{0201D4E0-6892-4349-8395-CB0D59376450}.Debug|Any CPU.ActiveCfg = Debug|Any CPU
		{0201D4E0-6892-4349-8395-CB0D59376450}.Debug|Any CPU.Build.0 = Debug|Any CPU
		{0201D4E0-6892-4349-8395-CB0D59376450}.Release|Any CPU.ActiveCfg = Release|Any CPU
		{0201D4E0-6892-4349-8395-CB0D59376450}.Release|Any CPU.Build.0 = Release|Any CPU
	EndGlobalSection
	GlobalSection(SolutionProperties) = preSolution
		HideSolutionNode = FALSE
	EndGlobalSection
	GlobalSection(ExtensibilityGlobals) = postSolution
		SolutionGuid = {7A92EE1B-3D9B-46A9-8F7A-F330B1F00C9C}
	EndGlobalSection
EndGlobal
